
Microsoft Visual Studio Solution File, Format Version 12.00
# Visual Studio Version 17
VisualStudioVersion = 17.12.35707.178
MinimumVisualStudioVersion = 10.0.40219.1
Project("{FAE04EC0-301F-11D3-BF4B-00C04F79EFBC}") = "NetCoreAINew.Project01_DeepGramAIVoice", "NetCoreAINew.Project01_DeepGramAIVoice\NetCoreAINew.Project01_DeepGramAIVoice.csproj", "{17D702AC-8AC0-469A-88E4-C18C4E389DEF}"
EndProject
Project("{FAE04EC0-301F-11D3-BF4B-00C04F79EFBC}") = "NetCoreAINew.Project02_HuggingFaceSentimentAnalysis", "NetCoreAINew.Project02_HuggingFaceSentimentAnalysis\NetCoreAINew.Project02_HuggingFaceSentimentAnalysis.csproj", "{ACD9089B-92D8-4B76-ADAC-CD978F53414B}"
EndProject
Project("{FAE04EC0-301F-11D3-BF4B-00C04F79EFBC}") = "NetCoreAINew.Project03_HuggingFaceSummarizeText", "NetCoreAINew.Project03_HuggingFaceSummarizeText\NetCoreAINew.Project03_HuggingFaceSummarizeText.csproj", "{E5BDB683-0B76-4BCE-8FBE-6E95BCF29F5B}"
EndProject
Project("{FAE04EC0-301F-11D3-BF4B-00C04F79EFBC}") = "NetCoreAINew.Project04_HuggingFaceNamedEntityRecognition", "NetCoreAINew.Project04_HuggingFaceNamedEntityRecognition\NetCoreAINew.Project04_HuggingFaceNamedEntityRecognition.csproj", "{1639FF45-5A6E-4007-BA6A-77539E3AB7C4}"
EndProject
Project("{FAE04EC0-301F-11D3-BF4B-00C04F79EFBC}") = "NetCoreAINew.Project05_HuggingFaceRobertaBaseQA", "NetCoreAINew.Project05_HuggingFaceRobertaBaseQA\NetCoreAINew.Project05_HuggingFaceRobertaBaseQA.csproj", "{CAB6DE40-DE2A-4243-9AD9-566FD3FAB1F8}"
EndProject
Project("{FAE04EC0-301F-11D3-BF4B-00C04F79EFBC}") = "NetCoreAINew.Project06_HuggingFaceToxicBert", "NetCoreAINew.Project06_HuggingFaceToxicBert\NetCoreAINew.Project06_HuggingFaceToxicBert.csproj", "{4C38CB0A-D7A1-4EBE-9C58-9B74C64A7C68}"
EndProject
Project("{FAE04EC0-301F-11D3-BF4B-00C04F79EFBC}") = "NetCoreAINew.Project07_AnthropicClaudeChat", "NetCoreAINew.Project07_AnthropicClaudeChat\NetCoreAINew.Project07_AnthropicClaudeChat.csproj", "{160BD302-16B4-4FBC-80EF-FF3E976851BD}"
EndProject
Project("{FAE04EC0-301F-11D3-BF4B-00C04F79EFBC}") = "NetCoreAINew.Project08_AnthropicClaudePdfSummary", "NetCoreAINew.Project08_AnthropicClaudePdfSummary\NetCoreAINew.Project08_AnthropicClaudePdfSummary.csproj", "{F0FD3CF2-A7DC-4083-A64C-DD07C5A020AF}"
EndProject
Project("{FAE04EC0-301F-11D3-BF4B-00C04F79EFBC}") = "NetCoreAINew.Project09_AnthropicClaudeJobEmail", "NetCoreAINew.Project09_AnthropicClaudeJobEmail\NetCoreAINew.Project09_AnthropicClaudeJobEmail.csproj", "{5CE151DB-2FFA-467D-A799-383CB28BA868}"
EndProject
Project("{FAE04EC0-301F-11D3-BF4B-00C04F79EFBC}") = "NetCoreAINew.Project10_ReplicateAIDrawImage", "NetCoreAINew.Project10_ReplicateAIDrawImage\NetCoreAINew.Project10_ReplicateAIDrawImage.csproj", "{9B789434-8BAB-4621-8289-1459E7443360}"
EndProject
Project("{FAE04EC0-301F-11D3-BF4B-00C04F79EFBC}") = "NetCoreAINew.Project11_MicrosoftAzureTextToSpeech", "NetCoreAINew.Project11_MicrosoftAzureTextToSpeech\NetCoreAINew.Project11_MicrosoftAzureTextToSpeech.csproj", "{BA838FA3-B690-4229-A191-45A9B04B0C98}"
EndProject
Project("{FAE04EC0-301F-11D3-BF4B-00C04F79EFBC}") = "NetCoreAINew.Project12_MicrosoftAzureComputerVision", "NetCoreAINew.Project12_MicrosoftAzureComputerVision\NetCoreAINew.Project12_MicrosoftAzureComputerVision.csproj", "{74B2B0E4-F3C4-48B4-9363-580D934A4120}"
EndProject
Project("{FAE04EC0-301F-11D3-BF4B-00C04F79EFBC}") = "NetCoreAINew.Project13_MicrosoftAzureComputerVisionObjectAndDetails", "NetCoreAINew.Project13_MicrosoftAzureComputerVisionObjectAndDetails\NetCoreAINew.Project13_MicrosoftAzureComputerVisionObjectAndDetails.csproj", "{04E56BC8-B97D-434B-9B94-81AF12BE5656}"
EndProject
Project("{FAE04EC0-301F-11D3-BF4B-00C04F79EFBC}") = "NetCoreAINew.Project14_GoogleGeminiQuestionAnswer", "NetCoreAINew.Project14_GoogleGeminiQuestionAnswer\NetCoreAINew.Project14_GoogleGeminiQuestionAnswer.csproj", "{91D5E799-A14A-4C7A-88C7-E6527E1270E3}"
EndProject
Project("{FAE04EC0-301F-11D3-BF4B-00C04F79EFBC}") = "NetCoreAINew.Project15_GoogleGeminiRoleSimulation", "NetCoreAINew.Project15_GoogleGeminiRoleSimulation\NetCoreAINew.Project15_GoogleGeminiRoleSimulation.csproj", "{57B85E59-D3A8-4CE3-B514-7BD0590B9EF2}"
EndProject
Project("{FAE04EC0-301F-11D3-BF4B-00C04F79EFBC}") = "NetCoreAINew.Project16_GoogleGeminiAutoAgentPrompt", "NetCoreAINew.Project15_GoogleGeminiAutoAgentPrompt\NetCoreAINew.Project16_GoogleGeminiAutoAgentPrompt.csproj", "{A7ECC617-6CC0-43C8-A333-14E83A76A1A9}"
EndProject
Project("{FAE04EC0-301F-11D3-BF4B-00C04F79EFBC}") = "NetCoreAINew.Project17_OpenAICodeEditor", "NetCoreAINew.Project17_OpenAICodeEditor\NetCoreAINew.Project17_OpenAICodeEditor.csproj", "{99DC8845-DB45-4367-8E48-9D6044D27F90}"
EndProject
Global
	GlobalSection(SolutionConfigurationPlatforms) = preSolution
		Debug|Any CPU = Debug|Any CPU
		Release|Any CPU = Release|Any CPU
	EndGlobalSection
	GlobalSection(ProjectConfigurationPlatforms) = postSolution
		{17D702AC-8AC0-469A-88E4-C18C4E389DEF}.Debug|Any CPU.ActiveCfg = Debug|Any CPU
		{17D702AC-8AC0-469A-88E4-C18C4E389DEF}.Debug|Any CPU.Build.0 = Debug|Any CPU
		{17D702AC-8AC0-469A-88E4-C18C4E389DEF}.Release|Any CPU.ActiveCfg = Release|Any CPU
		{17D702AC-8AC0-469A-88E4-C18C4E389DEF}.Release|Any CPU.Build.0 = Release|Any CPU
		{ACD9089B-92D8-4B76-ADAC-CD978F53414B}.Debug|Any CPU.ActiveCfg = Debug|Any CPU
		{ACD9089B-92D8-4B76-ADAC-CD978F53414B}.Debug|Any CPU.Build.0 = Debug|Any CPU
		{ACD9089B-92D8-4B76-ADAC-CD978F53414B}.Release|Any CPU.ActiveCfg = Release|Any CPU
		{ACD9089B-92D8-4B76-ADAC-CD978F53414B}.Release|Any CPU.Build.0 = Release|Any CPU
		{E5BDB683-0B76-4BCE-8FBE-6E95BCF29F5B}.Debug|Any CPU.ActiveCfg = Debug|Any CPU
		{E5BDB683-0B76-4BCE-8FBE-6E95BCF29F5B}.Debug|Any CPU.Build.0 = Debug|Any CPU
		{E5BDB683-0B76-4BCE-8FBE-6E95BCF29F5B}.Release|Any CPU.ActiveCfg = Release|Any CPU
		{E5BDB683-0B76-4BCE-8FBE-6E95BCF29F5B}.Release|Any CPU.Build.0 = Release|Any CPU
		{1639FF45-5A6E-4007-BA6A-77539E3AB7C4}.Debug|Any CPU.ActiveCfg = Debug|Any CPU
		{1639FF45-5A6E-4007-BA6A-77539E3AB7C4}.Debug|Any CPU.Build.0 = Debug|Any CPU
		{1639FF45-5A6E-4007-BA6A-77539E3AB7C4}.Release|Any CPU.ActiveCfg = Release|Any CPU
		{1639FF45-5A6E-4007-BA6A-77539E3AB7C4}.Release|Any CPU.Build.0 = Release|Any CPU
		{CAB6DE40-DE2A-4243-9AD9-566FD3FAB1F8}.Debug|Any CPU.ActiveCfg = Debug|Any CPU
		{CAB6DE40-DE2A-4243-9AD9-566FD3FAB1F8}.Debug|Any CPU.Build.0 = Debug|Any CPU
		{CAB6DE40-DE2A-4243-9AD9-566FD3FAB1F8}.Release|Any CPU.ActiveCfg = Release|Any CPU
		{CAB6DE40-DE2A-4243-9AD9-566FD3FAB1F8}.Release|Any CPU.Build.0 = Release|Any CPU
		{4C38CB0A-D7A1-4EBE-9C58-9B74C64A7C68}.Debug|Any CPU.ActiveCfg = Debug|Any CPU
		{4C38CB0A-D7A1-4EBE-9C58-9B74C64A7C68}.Debug|Any CPU.Build.0 = Debug|Any CPU
		{4C38CB0A-D7A1-4EBE-9C58-9B74C64A7C68}.Release|Any CPU.ActiveCfg = Release|Any CPU
		{4C38CB0A-D7A1-4EBE-9C58-9B74C64A7C68}.Release|Any CPU.Build.0 = Release|Any CPU
		{160BD302-16B4-4FBC-80EF-FF3E976851BD}.Debug|Any CPU.ActiveCfg = Debug|Any CPU
		{160BD302-16B4-4FBC-80EF-FF3E976851BD}.Debug|Any CPU.Build.0 = Debug|Any CPU
		{160BD302-16B4-4FBC-80EF-FF3E976851BD}.Release|Any CPU.ActiveCfg = Release|Any CPU
		{160BD302-16B4-4FBC-80EF-FF3E976851BD}.Release|Any CPU.Build.0 = Release|Any CPU
		{F0FD3CF2-A7DC-4083-A64C-DD07C5A020AF}.Debug|Any CPU.ActiveCfg = Debug|Any CPU
		{F0FD3CF2-A7DC-4083-A64C-DD07C5A020AF}.Debug|Any CPU.Build.0 = Debug|Any CPU
		{F0FD3CF2-A7DC-4083-A64C-DD07C5A020AF}.Release|Any CPU.ActiveCfg = Release|Any CPU
		{F0FD3CF2-A7DC-4083-A64C-DD07C5A020AF}.Release|Any CPU.Build.0 = Release|Any CPU
		{5CE151DB-2FFA-467D-A799-383CB28BA868}.Debug|Any CPU.ActiveCfg = Debug|Any CPU
		{5CE151DB-2FFA-467D-A799-383CB28BA868}.Debug|Any CPU.Build.0 = Debug|Any CPU
		{5CE151DB-2FFA-467D-A799-383CB28BA868}.Release|Any CPU.ActiveCfg = Release|Any CPU
		{5CE151DB-2FFA-467D-A799-383CB28BA868}.Release|Any CPU.Build.0 = Release|Any CPU
		{9B789434-8BAB-4621-8289-1459E7443360}.Debug|Any CPU.ActiveCfg = Debug|Any CPU
		{9B789434-8BAB-4621-8289-1459E7443360}.Debug|Any CPU.Build.0 = Debug|Any CPU
		{9B789434-8BAB-4621-8289-1459E7443360}.Release|Any CPU.ActiveCfg = Release|Any CPU
		{9B789434-8BAB-4621-8289-1459E7443360}.Release|Any CPU.Build.0 = Release|Any CPU
		{BA838FA3-B690-4229-A191-45A9B04B0C98}.Debug|Any CPU.ActiveCfg = Debug|Any CPU
		{BA838FA3-B690-4229-A191-45A9B04B0C98}.Debug|Any CPU.Build.0 = Debug|Any CPU
		{BA838FA3-B690-4229-A191-45A9B04B0C98}.Release|Any CPU.ActiveCfg = Release|Any CPU
		{BA838FA3-B690-4229-A191-45A9B04B0C98}.Release|Any CPU.Build.0 = Release|Any CPU
		{74B2B0E4-F3C4-48B4-9363-580D934A4120}.Debug|Any CPU.ActiveCfg = Debug|Any CPU
		{74B2B0E4-F3C4-48B4-9363-580D934A4120}.Debug|Any CPU.Build.0 = Debug|Any CPU
		{74B2B0E4-F3C4-48B4-9363-580D934A4120}.Release|Any CPU.ActiveCfg = Release|Any CPU
		{74B2B0E4-F3C4-48B4-9363-580D934A4120}.Release|Any CPU.Build.0 = Release|Any CPU
		{04E56BC8-B97D-434B-9B94-81AF12BE5656}.Debug|Any CPU.ActiveCfg = Debug|Any CPU
		{04E56BC8-B97D-434B-9B94-81AF12BE5656}.Debug|Any CPU.Build.0 = Debug|Any CPU
		{04E56BC8-B97D-434B-9B94-81AF12BE5656}.Release|Any CPU.ActiveCfg = Release|Any CPU
		{04E56BC8-B97D-434B-9B94-81AF12BE5656}.Release|Any CPU.Build.0 = Release|Any CPU
		{91D5E799-A14A-4C7A-88C7-E6527E1270E3}.Debug|Any CPU.ActiveCfg = Debug|Any CPU
		{91D5E799-A14A-4C7A-88C7-E6527E1270E3}.Debug|Any CPU.Build.0 = Debug|Any CPU
		{91D5E799-A14A-4C7A-88C7-E6527E1270E3}.Release|Any CPU.ActiveCfg = Release|Any CPU
		{91D5E799-A14A-4C7A-88C7-E6527E1270E3}.Release|Any CPU.Build.0 = Release|Any CPU
		{57B85E59-D3A8-4CE3-B514-7BD0590B9EF2}.Debug|Any CPU.ActiveCfg = Debug|Any CPU
		{57B85E59-D3A8-4CE3-B514-7BD0590B9EF2}.Debug|Any CPU.Build.0 = Debug|Any CPU
		{57B85E59-D3A8-4CE3-B514-7BD0590B9EF2}.Release|Any CPU.ActiveCfg = Release|Any CPU
		{57B85E59-D3A8-4CE3-B514-7BD0590B9EF2}.Release|Any CPU.Build.0 = Release|Any CPU
		{A7ECC617-6CC0-43C8-A333-14E83A76A1A9}.Debug|Any CPU.ActiveCfg = Debug|Any CPU
		{A7ECC617-6CC0-43C8-A333-14E83A76A1A9}.Debug|Any CPU.Build.0 = Debug|Any CPU
		{A7ECC617-6CC0-43C8-A333-14E83A76A1A9}.Release|Any CPU.ActiveCfg = Release|Any CPU
		{A7ECC617-6CC0-43C8-A333-14E83A76A1A9}.Release|Any CPU.Build.0 = Release|Any CPU
		{99DC8845-DB45-4367-8E48-9D6044D27F90}.Debug|Any CPU.ActiveCfg = Debug|Any CPU
		{99DC8845-DB45-4367-8E48-9D6044D27F90}.Debug|Any CPU.Build.0 = Debug|Any CPU
		{99DC8845-DB45-4367-8E48-9D6044D27F90}.Release|Any CPU.ActiveCfg = Release|Any CPU
		{99DC8845-DB45-4367-8E48-9D6044D27F90}.Release|Any CPU.Build.0 = Release|Any CPU
	EndGlobalSection
	GlobalSection(SolutionProperties) = preSolution
		HideSolutionNode = FALSE
	EndGlobalSection
	GlobalSection(ExtensibilityGlobals) = postSolution
		SolutionGuid = {20713BB3-BD31-4A50-B2CC-DBE80B6E6A0C}
	EndGlobalSection
EndGlobal
